
Microsoft Visual Studio Solution File, Format Version 12.00
# Visual Studio 2012
Project("{FAE04EC0-301F-11D3-BF4B-00C04F79EFBC}") = "Pi", "Pi\Pi.csproj", "{EC0759F5-8D61-4949-93AA-D0F294D97004}"
	ProjectSection(ProjectDependencies) = postProject
		{558F7633-6B28-4994-AEEB-A4CAA191B346} = {558F7633-6B28-4994-AEEB-A4CAA191B346}
		{907E938F-9975-4FA7-B341-0A085A649531} = {907E938F-9975-4FA7-B341-0A085A649531}
	EndProjectSection
EndProject
Project("{8BC9CEB8-8B4A-11D0-8D11-00A0C91BC942}") = "LibASM", "LibASM\LibASM.vcxproj", "{907E938F-9975-4FA7-B341-0A085A649531}"
EndProject
Project("{8BC9CEB8-8B4A-11D0-8D11-00A0C91BC942}") = "LibCPP", "LibCPP\LibCPP.vcxproj", "{558F7633-6B28-4994-AEEB-A4CAA191B346}"
EndProject
Global
	GlobalSection(SolutionConfigurationPlatforms) = preSolution
		Debug|Any CPU = Debug|Any CPU
		Debug|Mixed Platforms = Debug|Mixed Platforms
		Debug|Win32 = Debug|Win32
		Release|Any CPU = Release|Any CPU
		Release|Mixed Platforms = Release|Mixed Platforms
		Release|Win32 = Release|Win32
	EndGlobalSection
	GlobalSection(ProjectConfigurationPlatforms) = postSolution
		{EC0759F5-8D61-4949-93AA-D0F294D97004}.Debug|Any CPU.ActiveCfg = Debug|Any CPU
		{EC0759F5-8D61-4949-93AA-D0F294D97004}.Debug|Any CPU.Build.0 = Debug|Any CPU
		{EC0759F5-8D61-4949-93AA-D0F294D97004}.Debug|Mixed Platforms.ActiveCfg = Debug|Any CPU
		{EC0759F5-8D61-4949-93AA-D0F294D97004}.Debug|Mixed Platforms.Build.0 = Debug|Any CPU
		{EC0759F5-8D61-4949-93AA-D0F294D97004}.Debug|Win32.ActiveCfg = Debug|Any CPU
		{EC0759F5-8D61-4949-93AA-D0F294D97004}.Release|Any CPU.ActiveCfg = Release|Any CPU
		{EC0759F5-8D61-4949-93AA-D0F294D97004}.Release|Any CPU.Build.0 = Release|Any CPU
		{EC0759F5-8D61-4949-93AA-D0F294D97004}.Release|Mixed Platforms.ActiveCfg = Release|Any CPU
		{EC0759F5-8D61-4949-93AA-D0F294D97004}.Release|Mixed Platforms.Build.0 = Release|Any CPU
		{EC0759F5-8D61-4949-93AA-D0F294D97004}.Release|Win32.ActiveCfg = Release|Any CPU
		{907E938F-9975-4FA7-B341-0A085A649531}.Debug|Any CPU.ActiveCfg = Debug|Win32
		{907E938F-9975-4FA7-B341-0A085A649531}.Debug|Mixed Platforms.ActiveCfg = Debug|Win32
		{907E938F-9975-4FA7-B341-0A085A649531}.Debug|Mixed Platforms.Build.0 = Debug|Win32
		{907E938F-9975-4FA7-B341-0A085A649531}.Debug|Win32.ActiveCfg = Debug|Win32
		{907E938F-9975-4FA7-B341-0A085A649531}.Debug|Win32.Build.0 = Debug|Win32
		{907E938F-9975-4FA7-B341-0A085A649531}.Release|Any CPU.ActiveCfg = Release|Win32
		{907E938F-9975-4FA7-B341-0A085A649531}.Release|Mixed Platforms.ActiveCfg = Release|Win32
		{907E938F-9975-4FA7-B341-0A085A649531}.Release|Mixed Platforms.Build.0 = Release|Win32
		{907E938F-9975-4FA7-B341-0A085A649531}.Release|Win32.ActiveCfg = Release|Win32
		{907E938F-9975-4FA7-B341-0A085A649531}.Release|Win32.Build.0 = Release|Win32
		{558F7633-6B28-4994-AEEB-A4CAA191B346}.Debug|Any CPU.ActiveCfg = Debug|Win32
		{558F7633-6B28-4994-AEEB-A4CAA191B346}.Debug|Mixed Platforms.ActiveCfg = Debug|Win32
		{558F7633-6B28-4994-AEEB-A4CAA191B346}.Debug|Mixed Platforms.Build.0 = Debug|Win32
		{558F7633-6B28-4994-AEEB-A4CAA191B346}.Debug|Win32.ActiveCfg = Debug|Win32
		{558F7633-6B28-4994-AEEB-A4CAA191B346}.Debug|Win32.Build.0 = Debug|Win32
		{558F7633-6B28-4994-AEEB-A4CAA191B346}.Release|Any CPU.ActiveCfg = Release|Win32
		{558F7633-6B28-4994-AEEB-A4CAA191B346}.Release|Mixed Platforms.ActiveCfg = Release|Win32
		{558F7633-6B28-4994-AEEB-A4CAA191B346}.Release|Mixed Platforms.Build.0 = Release|Win32
		{558F7633-6B28-4994-AEEB-A4CAA191B346}.Release|Win32.ActiveCfg = Release|Win32
		{558F7633-6B28-4994-AEEB-A4CAA191B346}.Release|Win32.Build.0 = Release|Win32
	EndGlobalSection
	GlobalSection(SolutionProperties) = preSolution
		HideSolutionNode = FALSE
	EndGlobalSection
EndGlobal
